// !$*UTF8*$!
{
	archiveVersion = 1;
	classes = {
	};
	objectVersion = 46;
	objects = {

/* Begin PBXBuildFile section */
		9CF62147904DA5AE5AD6F940 /* Pods_ShowMe.framework in Frameworks */ = {isa = PBXBuildFile; fileRef = 75C412C2D9A5B36AC6F9581C /* Pods_ShowMe.framework */; };
		AF095E041D01229A00205414 /* AppDelegate.swift in Sources */ = {isa = PBXBuildFile; fileRef = AF095E031D01229A00205414 /* AppDelegate.swift */; };
		AF095E091D01229A00205414 /* Main.storyboard in Resources */ = {isa = PBXBuildFile; fileRef = AF095E071D01229A00205414 /* Main.storyboard */; };
		AF095E0C1D01229A00205414 /* ShowMe.xcdatamodeld in Sources */ = {isa = PBXBuildFile; fileRef = AF095E0A1D01229A00205414 /* ShowMe.xcdatamodeld */; };
		AF095E0E1D01229A00205414 /* Assets.xcassets in Resources */ = {isa = PBXBuildFile; fileRef = AF095E0D1D01229A00205414 /* Assets.xcassets */; };
		AF095E111D01229A00205414 /* LaunchScreen.storyboard in Resources */ = {isa = PBXBuildFile; fileRef = AF095E0F1D01229A00205414 /* LaunchScreen.storyboard */; };
		AF095E1B1D0123CB00205414 /* RootViewController.swift in Sources */ = {isa = PBXBuildFile; fileRef = AF095E1A1D0123CB00205414 /* RootViewController.swift */; };
		AFF2156B1D33F04100D96BF9 /* aeroplane@2x.png in Resources */ = {isa = PBXBuildFile; fileRef = AFF215651D33F04100D96BF9 /* aeroplane@2x.png */; };
		AFF2156C1D33F04100D96BF9 /* icon_list@2x.png in Resources */ = {isa = PBXBuildFile; fileRef = AFF215661D33F04100D96BF9 /* icon_list@2x.png */; };
		AFF2156D1D33F04100D96BF9 /* icon_play@2x.png in Resources */ = {isa = PBXBuildFile; fileRef = AFF215671D33F04100D96BF9 /* icon_play@2x.png */; };
		AFF2156E1D33F04100D96BF9 /* icon_stop@2x.png in Resources */ = {isa = PBXBuildFile; fileRef = AFF215681D33F04100D96BF9 /* icon_stop@2x.png */; };
		AFF2156F1D33F04100D96BF9 /* location_no@2x.png in Resources */ = {isa = PBXBuildFile; fileRef = AFF215691D33F04100D96BF9 /* location_no@2x.png */; };
		AFF215701D33F04100D96BF9 /* location_yes@2x.png in Resources */ = {isa = PBXBuildFile; fileRef = AFF2156A1D33F04100D96BF9 /* location_yes@2x.png */; };
/* End PBXBuildFile section */

/* Begin PBXFileReference section */
		5D7598CA9FFE3296F744B5B7 /* Pods-ShowMe.debug.xcconfig */ = {isa = PBXFileReference; includeInIndex = 1; lastKnownFileType = text.xcconfig; name = "Pods-ShowMe.debug.xcconfig"; path = "Pods/Target Support Files/Pods-ShowMe/Pods-ShowMe.debug.xcconfig"; sourceTree = "<group>"; };
		75C412C2D9A5B36AC6F9581C /* Pods_ShowMe.framework */ = {isa = PBXFileReference; explicitFileType = wrapper.framework; includeInIndex = 0; path = Pods_ShowMe.framework; sourceTree = BUILT_PRODUCTS_DIR; };
		AF095E001D01229A00205414 /* ShowMe.app */ = {isa = PBXFileReference; explicitFileType = wrapper.application; includeInIndex = 0; path = ShowMe.app; sourceTree = BUILT_PRODUCTS_DIR; };
		AF095E031D01229A00205414 /* AppDelegate.swift */ = {isa = PBXFileReference; lastKnownFileType = sourcecode.swift; path = AppDelegate.swift; sourceTree = "<group>"; };
		AF095E081D01229A00205414 /* Base */ = {isa = PBXFileReference; lastKnownFileType = file.storyboard; name = Base; path = Base.lproj/Main.storyboard; sourceTree = "<group>"; };
		AF095E0B1D01229A00205414 /* ShowMe.xcdatamodel */ = {isa = PBXFileReference; lastKnownFileType = wrapper.xcdatamodel; path = ShowMe.xcdatamodel; sourceTree = "<group>"; };
		AF095E0D1D01229A00205414 /* Assets.xcassets */ = {isa = PBXFileReference; lastKnownFileType = folder.assetcatalog; path = Assets.xcassets; sourceTree = "<group>"; };
		AF095E101D01229A00205414 /* Base */ = {isa = PBXFileReference; lastKnownFileType = file.storyboard; name = Base; path = Base.lproj/LaunchScreen.storyboard; sourceTree = "<group>"; };
		AF095E121D01229A00205414 /* Info.plist */ = {isa = PBXFileReference; lastKnownFileType = text.plist.xml; path = Info.plist; sourceTree = "<group>"; };
		AF095E1A1D0123CB00205414 /* RootViewController.swift */ = {isa = PBXFileReference; fileEncoding = 4; lastKnownFileType = sourcecode.swift; path = RootViewController.swift; sourceTree = "<group>"; };
		AF8E55371D012E7900D81131 /* ShowMe-Bridging-Header.h */ = {isa = PBXFileReference; lastKnownFileType = sourcecode.c.h; path = "ShowMe-Bridging-Header.h"; sourceTree = SOURCE_ROOT; };
		AFF215651D33F04100D96BF9 /* aeroplane@2x.png */ = {isa = PBXFileReference; lastKnownFileType = image.png; path = "aeroplane@2x.png"; sourceTree = "<group>"; };
		AFF215661D33F04100D96BF9 /* icon_list@2x.png */ = {isa = PBXFileReference; lastKnownFileType = image.png; path = "icon_list@2x.png"; sourceTree = "<group>"; };
		AFF215671D33F04100D96BF9 /* icon_play@2x.png */ = {isa = PBXFileReference; lastKnownFileType = image.png; path = "icon_play@2x.png"; sourceTree = "<group>"; };
		AFF215681D33F04100D96BF9 /* icon_stop@2x.png */ = {isa = PBXFileReference; lastKnownFileType = image.png; path = "icon_stop@2x.png"; sourceTree = "<group>"; };
		AFF215691D33F04100D96BF9 /* location_no@2x.png */ = {isa = PBXFileReference; lastKnownFileType = image.png; path = "location_no@2x.png"; sourceTree = "<group>"; };
		AFF2156A1D33F04100D96BF9 /* location_yes@2x.png */ = {isa = PBXFileReference; lastKnownFileType = image.png; path = "location_yes@2x.png"; sourceTree = "<group>"; };
		E601DAF72581FC0844C18087 /* Pods-ShowMe.release.xcconfig */ = {isa = PBXFileReference; includeInIndex = 1; lastKnownFileType = text.xcconfig; name = "Pods-ShowMe.release.xcconfig"; path = "Pods/Target Support Files/Pods-ShowMe/Pods-ShowMe.release.xcconfig"; sourceTree = "<group>"; };
/* End PBXFileReference section */

/* Begin PBXFrameworksBuildPhase section */
		AF095DFD1D01229A00205414 /* Frameworks */ = {
			isa = PBXFrameworksBuildPhase;
			buildActionMask = 2147483647;
			files = (
				9CF62147904DA5AE5AD6F940 /* Pods_ShowMe.framework in Frameworks */,
			);
			runOnlyForDeploymentPostprocessing = 0;
		};
/* End PBXFrameworksBuildPhase section */

/* Begin PBXGroup section */
		4193F463206B9D853DBABBEA /* Frameworks */ = {
			isa = PBXGroup;
			children = (
				75C412C2D9A5B36AC6F9581C /* Pods_ShowMe.framework */,
			);
			name = Frameworks;
			sourceTree = "<group>";
		};
		AF095DF71D01229A00205414 = {
			isa = PBXGroup;
			children = (
				AF095E021D01229A00205414 /* ShowMe */,
				AF095E011D01229A00205414 /* Products */,
				FACA15BEE3B8DB00BB8C10DC /* Pods */,
				4193F463206B9D853DBABBEA /* Frameworks */,
			);
			sourceTree = "<group>";
		};
		AF095E011D01229A00205414 /* Products */ = {
			isa = PBXGroup;
			children = (
				AF095E001D01229A00205414 /* ShowMe.app */,
			);
			name = Products;
			sourceTree = "<group>";
		};
		AF095E021D01229A00205414 /* ShowMe */ = {
			isa = PBXGroup;
			children = (
				AFF215711D33F04800D96BF9 /* Resources */,
				AF8E55371D012E7900D81131 /* ShowMe-Bridging-Header.h */,
				AF095E031D01229A00205414 /* AppDelegate.swift */,
				AF095E071D01229A00205414 /* Main.storyboard */,
				AF095E0D1D01229A00205414 /* Assets.xcassets */,
				AF095E0F1D01229A00205414 /* LaunchScreen.storyboard */,
				AF095E121D01229A00205414 /* Info.plist */,
				AF095E0A1D01229A00205414 /* ShowMe.xcdatamodeld */,
				AF095E1A1D0123CB00205414 /* RootViewController.swift */,
			);
			path = ShowMe;
			sourceTree = "<group>";
		};
		AFF215711D33F04800D96BF9 /* Resources */ = {
			isa = PBXGroup;
			children = (
				AFF215651D33F04100D96BF9 /* aeroplane@2x.png */,
				AFF215661D33F04100D96BF9 /* icon_list@2x.png */,
				AFF215671D33F04100D96BF9 /* icon_play@2x.png */,
				AFF215681D33F04100D96BF9 /* icon_stop@2x.png */,
				AFF215691D33F04100D96BF9 /* location_no@2x.png */,
				AFF2156A1D33F04100D96BF9 /* location_yes@2x.png */,
			);
			name = Resources;
			sourceTree = "<group>";
		};
		FACA15BEE3B8DB00BB8C10DC /* Pods */ = {
			isa = PBXGroup;
			children = (
				5D7598CA9FFE3296F744B5B7 /* Pods-ShowMe.debug.xcconfig */,
				E601DAF72581FC0844C18087 /* Pods-ShowMe.release.xcconfig */,
			);
			name = Pods;
			sourceTree = "<group>";
		};
/* End PBXGroup section */

/* Begin PBXNativeTarget section */
		AF095DFF1D01229A00205414 /* ShowMe */ = {
			isa = PBXNativeTarget;
			buildConfigurationList = AF095E151D01229A00205414 /* Build configuration list for PBXNativeTarget "ShowMe" */;
			buildPhases = (
				EADD35EC73FBA2E9ABD9CB10 /* [CP] Check Pods Manifest.lock */,
				AF095DFC1D01229A00205414 /* Sources */,
				AF095DFD1D01229A00205414 /* Frameworks */,
				AF095DFE1D01229A00205414 /* Resources */,
				2616E23053F94B511F63E6B2 /* [CP] Embed Pods Frameworks */,
				EA4D4662B17B33089D4582CE /* [CP] Copy Pods Resources */,
			);
			buildRules = (
			);
			dependencies = (
			);
			name = ShowMe;
			productName = ShowMe;
			productReference = AF095E001D01229A00205414 /* ShowMe.app */;
			productType = "com.apple.product-type.application";
		};
/* End PBXNativeTarget section */

/* Begin PBXProject section */
		AF095DF81D01229A00205414 /* Project object */ = {
			isa = PBXProject;
			attributes = {
				CLASSPREFIX = Feed;
				LastSwiftUpdateCheck = 0720;
				LastUpgradeCheck = 0720;
				ORGANIZATIONNAME = HandsomeHedgehog;
				TargetAttributes = {
					AF095DFF1D01229A00205414 = {
						CreatedOnToolsVersion = 7.2;
						DevelopmentTeam = PT77KVD7C8;
					};
				};
			};
			buildConfigurationList = AF095DFB1D01229A00205414 /* Build configuration list for PBXProject "ShowMe" */;
			compatibilityVersion = "Xcode 3.2";
			developmentRegion = English;
			hasScannedForEncodings = 0;
			knownRegions = (
				en,
				Base,
			);
			mainGroup = AF095DF71D01229A00205414;
			productRefGroup = AF095E011D01229A00205414 /* Products */;
			projectDirPath = "";
			projectRoot = "";
			targets = (
				AF095DFF1D01229A00205414 /* ShowMe */,
			);
		};
/* End PBXProject section */

/* Begin PBXResourcesBuildPhase section */
		AF095DFE1D01229A00205414 /* Resources */ = {
			isa = PBXResourcesBuildPhase;
			buildActionMask = 2147483647;
			files = (
				AFF2156B1D33F04100D96BF9 /* aeroplane@2x.png in Resources */,
				AF095E111D01229A00205414 /* LaunchScreen.storyboard in Resources */,
				AFF2156C1D33F04100D96BF9 /* icon_list@2x.png in Resources */,
				AF095E0E1D01229A00205414 /* Assets.xcassets in Resources */,
				AFF2156F1D33F04100D96BF9 /* location_no@2x.png in Resources */,
				AF095E091D01229A00205414 /* Main.storyboard in Resources */,
				AFF2156E1D33F04100D96BF9 /* icon_stop@2x.png in Resources */,
				AFF2156D1D33F04100D96BF9 /* icon_play@2x.png in Resources */,
				AFF215701D33F04100D96BF9 /* location_yes@2x.png in Resources */,
			);
			runOnlyForDeploymentPostprocessing = 0;
		};
/* End PBXResourcesBuildPhase section */

/* Begin PBXShellScriptBuildPhase section */
		2616E23053F94B511F63E6B2 /* [CP] Embed Pods Frameworks */ = {
			isa = PBXShellScriptBuildPhase;
			buildActionMask = 2147483647;
			files = (
			);
			inputPaths = (
			);
			name = "[CP] Embed Pods Frameworks";
			outputPaths = (
			);
			runOnlyForDeploymentPostprocessing = 0;
			shellPath = /bin/sh;
			shellScript = "\"${SRCROOT}/Pods/Target Support Files/Pods-ShowMe/Pods-ShowMe-frameworks.sh\"\n";
			showEnvVarsInLog = 0;
		};
		EA4D4662B17B33089D4582CE /* [CP] Copy Pods Resources */ = {
			isa = PBXShellScriptBuildPhase;
			buildActionMask = 2147483647;
			files = (
			);
			inputPaths = (
			);
			name = "[CP] Copy Pods Resources";
			outputPaths = (
			);
			runOnlyForDeploymentPostprocessing = 0;
			shellPath = /bin/sh;
			shellScript = "\"${SRCROOT}/Pods/Target Support Files/Pods-ShowMe/Pods-ShowMe-resources.sh\"\n";
			showEnvVarsInLog = 0;
		};
		EADD35EC73FBA2E9ABD9CB10 /* [CP] Check Pods Manifest.lock */ = {
			isa = PBXShellScriptBuildPhase;
			buildActionMask = 2147483647;
			files = (
			);
			inputPaths = (
			);
			name = "[CP] Check Pods Manifest.lock";
			outputPaths = (
			);
			runOnlyForDeploymentPostprocessing = 0;
			shellPath = /bin/sh;
			shellScript = "diff \"${PODS_ROOT}/../Podfile.lock\" \"${PODS_ROOT}/Manifest.lock\" > /dev/null\nif [[ $? != 0 ]] ; then\n    cat << EOM\nerror: The sandbox is not in sync with the Podfile.lock. Run 'pod install' or update your CocoaPods installation.\nEOM\n    exit 1\nfi\n";
			showEnvVarsInLog = 0;
		};
/* End PBXShellScriptBuildPhase section */

/* Begin PBXSourcesBuildPhase section */
		AF095DFC1D01229A00205414 /* Sources */ = {
			isa = PBXSourcesBuildPhase;
			buildActionMask = 2147483647;
			files = (
				AF095E041D01229A00205414 /* AppDelegate.swift in Sources */,
				AF095E0C1D01229A00205414 /* ShowMe.xcdatamodeld in Sources */,
				AF095E1B1D0123CB00205414 /* RootViewController.swift in Sources */,
			);
			runOnlyForDeploymentPostprocessing = 0;
		};
/* End PBXSourcesBuildPhase section */

/* Begin PBXVariantGroup section */
		AF095E071D01229A00205414 /* Main.storyboard */ = {
			isa = PBXVariantGroup;
			children = (
				AF095E081D01229A00205414 /* Base */,
			);
			name = Main.storyboard;
			sourceTree = "<group>";
		};
		AF095E0F1D01229A00205414 /* LaunchScreen.storyboard */ = {
			isa = PBXVariantGroup;
			children = (
				AF095E101D01229A00205414 /* Base */,
			);
			name = LaunchScreen.storyboard;
			sourceTree = "<group>";
		};
/* End PBXVariantGroup section */

/* Begin XCBuildConfiguration section */
		AF095E131D01229A00205414 /* Debug */ = {
			isa = XCBuildConfiguration;
			buildSettings = {
				ALWAYS_SEARCH_USER_PATHS = NO;
				CLANG_CXX_LANGUAGE_STANDARD = "gnu++0x";
				CLANG_CXX_LIBRARY = "libc++";
				CLANG_ENABLE_MODULES = YES;
				CLANG_ENABLE_OBJC_ARC = YES;
				CLANG_WARN_BOOL_CONVERSION = YES;
				CLANG_WARN_CONSTANT_CONVERSION = YES;
				CLANG_WARN_DIRECT_OBJC_ISA_USAGE = YES_ERROR;
				CLANG_WARN_EMPTY_BODY = YES;
				CLANG_WARN_ENUM_CONVERSION = YES;
				CLANG_WARN_INT_CONVERSION = YES;
				CLANG_WARN_OBJC_ROOT_CLASS = YES_ERROR;
				CLANG_WARN_UNREACHABLE_CODE = YES;
				CLANG_WARN__DUPLICATE_METHOD_MATCH = YES;
				"CODE_SIGN_IDENTITY[sdk=iphoneos*]" = "iPhone Developer";
				COPY_PHASE_STRIP = NO;
				DEBUG_INFORMATION_FORMAT = dwarf;
				ENABLE_STRICT_OBJC_MSGSEND = YES;
				ENABLE_TESTABILITY = YES;
				GCC_C_LANGUAGE_STANDARD = gnu99;
				GCC_DYNAMIC_NO_PIC = NO;
				GCC_NO_COMMON_BLOCKS = YES;
				GCC_OPTIMIZATION_LEVEL = 0;
				GCC_PREPROCESSOR_DEFINITIONS = (
					"DEBUG=1",
					"$(inherited)",
				);
				GCC_WARN_64_TO_32_BIT_CONVERSION = YES;
				GCC_WARN_ABOUT_RETURN_TYPE = YES_ERROR;
				GCC_WARN_UNDECLARED_SELECTOR = YES;
				GCC_WARN_UNINITIALIZED_AUTOS = YES_AGGRESSIVE;
				GCC_WARN_UNUSED_FUNCTION = YES;
				GCC_WARN_UNUSED_VARIABLE = YES;
				IPHONEOS_DEPLOYMENT_TARGET = 9.2;
				MTL_ENABLE_DEBUG_INFO = YES;
				ONLY_ACTIVE_ARCH = YES;
				SDKROOT = iphoneos;
				SWIFT_OPTIMIZATION_LEVEL = "-Onone";
				TARGETED_DEVICE_FAMILY = "1,2";
			};
			name = Debug;
		};
		AF095E141D01229A00205414 /* Release */ = {
			isa = XCBuildConfiguration;
			buildSettings = {
				ALWAYS_SEARCH_USER_PATHS = NO;
				CLANG_CXX_LANGUAGE_STANDARD = "gnu++0x";
				CLANG_CXX_LIBRARY = "libc++";
				CLANG_ENABLE_MODULES = YES;
				CLANG_ENABLE_OBJC_ARC = YES;
				CLANG_WARN_BOOL_CONVERSION = YES;
				CLANG_WARN_CONSTANT_CONVERSION = YES;
				CLANG_WARN_DIRECT_OBJC_ISA_USAGE = YES_ERROR;
				CLANG_WARN_EMPTY_BODY = YES;
				CLANG_WARN_ENUM_CONVERSION = YES;
				CLANG_WARN_INT_CONVERSION = YES;
				CLANG_WARN_OBJC_ROOT_CLASS = YES_ERROR;
				CLANG_WARN_UNREACHABLE_CODE = YES;
				CLANG_WARN__DUPLICATE_METHOD_MATCH = YES;
				"CODE_SIGN_IDENTITY[sdk=iphoneos*]" = "iPhone Developer";
				COPY_PHASE_STRIP = NO;
				DEBUG_INFORMATION_FORMAT = "dwarf-with-dsym";
				ENABLE_NS_ASSERTIONS = NO;
				ENABLE_STRICT_OBJC_MSGSEND = YES;
				GCC_C_LANGUAGE_STANDARD = gnu99;
				GCC_NO_COMMON_BLOCKS = YES;
				GCC_WARN_64_TO_32_BIT_CONVERSION = YES;
				GCC_WARN_ABOUT_RETURN_TYPE = YES_ERROR;
				GCC_WARN_UNDECLARED_SELECTOR = YES;
				GCC_WARN_UNINITIALIZED_AUTOS = YES_AGGRESSIVE;
				GCC_WARN_UNUSED_FUNCTION = YES;
				GCC_WARN_UNUSED_VARIABLE = YES;
				IPHONEOS_DEPLOYMENT_TARGET = 9.2;
				MTL_ENABLE_DEBUG_INFO = NO;
				SDKROOT = iphoneos;
				TARGETED_DEVICE_FAMILY = "1,2";
				VALIDATE_PRODUCT = YES;
			};
			name = Release;
		};
		AF095E161D01229A00205414 /* Debug */ = {
			isa = XCBuildConfiguration;
			baseConfigurationReference = 5D7598CA9FFE3296F744B5B7 /* Pods-ShowMe.debug.xcconfig */;
			buildSettings = {
				ASSETCATALOG_COMPILER_APPICON_NAME = AppIcon;
				CLANG_ENABLE_MODULES = YES;
				CODE_SIGN_IDENTITY = "iPhone Developer";
				"CODE_SIGN_IDENTITY[sdk=iphoneos*]" = "iPhone Developer";
				INFOPLIST_FILE = ShowMe/Info.plist;
				IPHONEOS_DEPLOYMENT_TARGET = 9.3;
				LD_RUNPATH_SEARCH_PATHS = "$(inherited) @executable_path/Frameworks";
				PRODUCT_BUNDLE_IDENTIFIER = cn.huntjobs.ShowMe;
				PRODUCT_NAME = "$(TARGET_NAME)";
				PROVISIONING_PROFILE = "";
				SWIFT_OBJC_BRIDGING_HEADER = "ShowMe-Bridging-Header.h";
				SWIFT_OPTIMIZATION_LEVEL = "-Onone";
			};
			name = Debug;
		};
		AF095E171D01229A00205414 /* Release */ = {
			isa = XCBuildConfiguration;
			baseConfigurationReference = E601DAF72581FC0844C18087 /* Pods-ShowMe.release.xcconfig */;
			buildSettings = {
				ASSETCATALOG_COMPILER_APPICON_NAME = AppIcon;
				CLANG_ENABLE_MODULES = YES;
				CODE_SIGN_IDENTITY = "iPhone Developer";
				"CODE_SIGN_IDENTITY[sdk=iphoneos*]" = "iPhone Developer";
				INFOPLIST_FILE = ShowMe/Info.plist;
				IPHONEOS_DEPLOYMENT_TARGET = 9.3;
				LD_RUNPATH_SEARCH_PATHS = "$(inherited) @executable_path/Frameworks";
				PRODUCT_BUNDLE_IDENTIFIER = cn.huntjobs.ShowMe;
				PRODUCT_NAME = "$(TARGET_NAME)";
				PROVISIONING_PROFILE = "";
				SWIFT_OBJC_BRIDGING_HEADER = "ShowMe-Bridging-Header.h";
			};
			name = Release;
		};
/* End XCBuildConfiguration section */

/* Begin XCConfigurationList section */
		AF095DFB1D01229A00205414 /* Build configuration list for PBXProject "ShowMe" */ = {
			isa = XCConfigurationList;
			buildConfigurations = (
				AF095E131D01229A00205414 /* Debug */,
				AF095E141D01229A00205414 /* Release */,
			);
			defaultConfigurationIsVisible = 0;
			defaultConfigurationName = Release;
		};
		AF095E151D01229A00205414 /* Build configuration list for PBXNativeTarget "ShowMe" */ = {
			isa = XCConfigurationList;
			buildConfigurations = (
				AF095E161D01229A00205414 /* Debug */,
				AF095E171D01229A00205414 /* Release */,
			);
			defaultConfigurationIsVisible = 0;
			defaultConfigurationName = Release;
		};
/* End XCConfigurationList section */

/* Begin XCVersionGroup section */
		AF095E0A1D01229A00205414 /* ShowMe.xcdatamodeld */ = {
			isa = XCVersionGroup;
			children = (
				AF095E0B1D01229A00205414 /* ShowMe.xcdatamodel */,
			);
			currentVersion = AF095E0B1D01229A00205414 /* ShowMe.xcdatamodel */;
			path = ShowMe.xcdatamodeld;
			sourceTree = "<group>";
			versionGroupType = wrapper.xcdatamodel;
		};
/* End XCVersionGroup section */
	};
	rootObject = AF095DF81D01229A00205414 /* Project object */;
}
